
Microsoft Visual Studio Solution File, Format Version 12.00
# Visual Studio Version 17
VisualStudioVersion = 17.13.35825.156 d17.13
MinimumVisualStudioVersion = 10.0.40219.1
Project("{888888A0-9F3D-457C-B088-3A5042F75D52}") = "SuperA_CAD_Family", "SuperA_CAD_Family.pyproj", "{BD6D460B-BDAE-4CAB-9688-92BC94142C9B}"
EndProject
Global
	GlobalSection(SolutionConfigurationPlatforms) = preSolution
		Debug|Any CPU = Debug|Any CPU
		Release|Any CPU = Release|Any CPU
	EndGlobalSection
	GlobalSection(ProjectConfigurationPlatforms) = postSolution
		{BD6D460B-BDAE-4CAB-9688-92BC94142C9B}.Debug|Any CPU.ActiveCfg = Debug|Any CPU
		{BD6D460B-BDAE-4CAB-9688-92BC94142C9B}.Release|Any CPU.ActiveCfg = Release|Any CPU
	EndGlobalSection
	GlobalSection(SolutionProperties) = preSolution
		HideSolutionNode = FALSE
	EndGlobalSection
	GlobalSection(ExtensibilityGlobals) = postSolution
		SolutionGuid = {91F06C31-9C36-442E-A746-1BFAC8B4FE2E}
	EndGlobalSection
EndGlobal
